// !$*UTF8*$!
{
	archiveVersion = 1;
	classes = {
	};
	objectVersion = 77;
	objects = {

/* Begin PBXContainerItemProxy section */
		C18A2CC22D06D60E004B68C3 /* PBXContainerItemProxy */ = {
			isa = PBXContainerItemProxy;
			containerPortal = C18A2CA02D06D60D004B68C3 /* Project object */;
			proxyType = 1;
			remoteGlobalIDString = C18A2CA72D06D60D004B68C3;
			remoteInfo = "Warlords 3";
		};
		C18A2CCC2D06D60E004B68C3 /* PBXContainerItemProxy */ = {
			isa = PBXContainerItemProxy;
			containerPortal = C18A2CA02D06D60D004B68C3 /* Project object */;
			proxyType = 1;
			remoteGlobalIDString = C18A2CA72D06D60D004B68C3;
			remoteInfo = "Warlords 3";
		};
/* End PBXContainerItemProxy section */

/* Begin PBXFileReference section */
		C18A2CA82D06D60D004B68C3 /* Warlords 3.app */ = {isa = PBXFileReference; explicitFileType = wrapper.application; includeInIndex = 0; path = "Warlords 3.app"; sourceTree = BUILT_PRODUCTS_DIR; };
		C18A2CC12D06D60E004B68C3 /* Warlords 3Tests.xctest */ = {isa = PBXFileReference; explicitFileType = wrapper.cfbundle; includeInIndex = 0; path = "Warlords 3Tests.xctest"; sourceTree = BUILT_PRODUCTS_DIR; };
		C18A2CCB2D06D60E004B68C3 /* Warlords 3UITests.xctest */ = {isa = PBXFileReference; explicitFileType = wrapper.cfbundle; includeInIndex = 0; path = "Warlords 3UITests.xctest"; sourceTree = BUILT_PRODUCTS_DIR; };
/* End PBXFileReference section */

/* Begin PBXFileSystemSynchronizedRootGroup section */
		C18A2CAA2D06D60D004B68C3 /* Warlords 3 */ = {
			isa = PBXFileSystemSynchronizedRootGroup;
			path = "Warlords 3";
			sourceTree = "<group>";
		};
		C18A2CC42D06D60E004B68C3 /* Warlords 3Tests */ = {
			isa = PBXFileSystemSynchronizedRootGroup;
			path = "Warlords 3Tests";
			sourceTree = "<group>";
		};
		C18A2CCE2D06D60E004B68C3 /* Warlords 3UITests */ = {
			isa = PBXFileSystemSynchronizedRootGroup;
			path = "Warlords 3UITests";
			sourceTree = "<group>";
		};
/* End PBXFileSystemSynchronizedRootGroup section */

/* Begin PBXFrameworksBuildPhase section */
		C18A2CA52D06D60D004B68C3 /* Frameworks */ = {
			isa = PBXFrameworksBuildPhase;
			buildActionMask = 2147483647;
			files = (
			);
			runOnlyForDeploymentPostprocessing = 0;
		};
		C18A2CBE2D06D60E004B68C3 /* Frameworks */ = {
			isa = PBXFrameworksBuildPhase;
			buildActionMask = 2147483647;
			files = (
			);
			runOnlyForDeploymentPostprocessing = 0;
		};
		C18A2CC82D06D60E004B68C3 /* Frameworks */ = {
			isa = PBXFrameworksBuildPhase;
			buildActionMask = 2147483647;
			files = (
			);
			runOnlyForDeploymentPostprocessing = 0;
		};
/* End PBXFrameworksBuildPhase section */

/* Begin PBXGroup section */
		C18A2C9F2D06D60D004B68C3 = {
			isa = PBXGroup;
			children = (
				C18A2CAA2D06D60D004B68C3 /* Warlords 3 */,
				C18A2CC42D06D60E004B68C3 /* Warlords 3Tests */,
				C18A2CCE2D06D60E004B68C3 /* Warlords 3UITests */,
				C18A2CA92D06D60D004B68C3 /* Products */,
			);
			sourceTree = "<group>";
		};
		C18A2CA92D06D60D004B68C3 /* Products */ = {
			isa = PBXGroup;
			children = (
				C18A2CA82D06D60D004B68C3 /* Warlords 3.app */,
				C18A2CC12D06D60E004B68C3 /* Warlords 3Tests.xctest */,
				C18A2CCB2D06D60E004B68C3 /* Warlords 3UITests.xctest */,
			);
			name = Products;
			sourceTree = "<group>";
		};
/* End PBXGroup section */

/* Begin PBXNativeTarget section */
		C18A2CA72D06D60D004B68C3 /* Warlords 3 */ = {
			isa = PBXNativeTarget;
			buildConfigurationList = C18A2CD52D06D60E004B68C3 /* Build configuration list for PBXNativeTarget "Warlords 3" */;
			buildPhases = (
				C18A2CA42D06D60D004B68C3 /* Sources */,
				C18A2CA52D06D60D004B68C3 /* Frameworks */,
				C18A2CA62D06D60D004B68C3 /* Resources */,
			);
			buildRules = (
			);
			dependencies = (
			);
			fileSystemSynchronizedGroups = (
				C18A2CAA2D06D60D004B68C3 /* Warlords 3 */,
			);
			name = "Warlords 3";
			packageProductDependencies = (
			);
			productName = "Warlords 3";
			productReference = C18A2CA82D06D60D004B68C3 /* Warlords 3.app */;
			productType = "com.apple.product-type.application";
		};
		C18A2CC02D06D60E004B68C3 /* Warlords 3Tests */ = {
			isa = PBXNativeTarget;
			buildConfigurationList = C18A2CD82D06D60E004B68C3 /* Build configuration list for PBXNativeTarget "Warlords 3Tests" */;
			buildPhases = (
				C18A2CBD2D06D60E004B68C3 /* Sources */,
				C18A2CBE2D06D60E004B68C3 /* Frameworks */,
				C18A2CBF2D06D60E004B68C3 /* Resources */,
			);
			buildRules = (
			);
			dependencies = (
				C18A2CC32D06D60E004B68C3 /* PBXTargetDependency */,
			);
			fileSystemSynchronizedGroups = (
				C18A2CC42D06D60E004B68C3 /* Warlords 3Tests */,
			);
			name = "Warlords 3Tests";
			packageProductDependencies = (
			);
			productName = "Warlords 3Tests";
			productReference = C18A2CC12D06D60E004B68C3 /* Warlords 3Tests.xctest */;
			productType = "com.apple.product-type.bundle.unit-test";
		};
		C18A2CCA2D06D60E004B68C3 /* Warlords 3UITests */ = {
			isa = PBXNativeTarget;
			buildConfigurationList = C18A2CDB2D06D60E004B68C3 /* Build configuration list for PBXNativeTarget "Warlords 3UITests" */;
			buildPhases = (
				C18A2CC72D06D60E004B68C3 /* Sources */,
				C18A2CC82D06D60E004B68C3 /* Frameworks */,
				C18A2CC92D06D60E004B68C3 /* Resources */,
			);
			buildRules = (
			);
			dependencies = (
				C18A2CCD2D06D60E004B68C3 /* PBXTargetDependency */,
			);
			fileSystemSynchronizedGroups = (
				C18A2CCE2D06D60E004B68C3 /* Warlords 3UITests */,
			);
			name = "Warlords 3UITests";
			packageProductDependencies = (
			);
			productName = "Warlords 3UITests";
			productReference = C18A2CCB2D06D60E004B68C3 /* Warlords 3UITests.xctest */;
			productType = "com.apple.product-type.bundle.ui-testing";
		};
/* End PBXNativeTarget section */

/* Begin PBXProject section */
		C18A2CA02D06D60D004B68C3 /* Project object */ = {
			isa = PBXProject;
			attributes = {
				BuildIndependentTargetsInParallel = 1;
				LastSwiftUpdateCheck = 1610;
				LastUpgradeCheck = 1610;
				TargetAttributes = {
					C18A2CA72D06D60D004B68C3 = {
						CreatedOnToolsVersion = 16.1;
					};
					C18A2CC02D06D60E004B68C3 = {
						CreatedOnToolsVersion = 16.1;
						TestTargetID = C18A2CA72D06D60D004B68C3;
					};
					C18A2CCA2D06D60E004B68C3 = {
						CreatedOnToolsVersion = 16.1;
						TestTargetID = C18A2CA72D06D60D004B68C3;
					};
				};
			};
			buildConfigurationList = C18A2CA32D06D60D004B68C3 /* Build configuration list for PBXProject "Warlords 3" */;
			developmentRegion = en;
			hasScannedForEncodings = 0;
			knownRegions = (
				en,
				Base,
			);
			mainGroup = C18A2C9F2D06D60D004B68C3;
			minimizedProjectReferenceProxies = 1;
			preferredProjectObjectVersion = 77;
			productRefGroup = C18A2CA92D06D60D004B68C3 /* Products */;
			projectDirPath = "";
			projectRoot = "";
			targets = (
				C18A2CA72D06D60D004B68C3 /* Warlords 3 */,
				C18A2CC02D06D60E004B68C3 /* Warlords 3Tests */,
				C18A2CCA2D06D60E004B68C3 /* Warlords 3UITests */,
			);
		};
/* End PBXProject section */

/* Begin PBXResourcesBuildPhase section */
		C18A2CA62D06D60D004B68C3 /* Resources */ = {
			isa = PBXResourcesBuildPhase;
			buildActionMask = 2147483647;
			files = (
			);
			runOnlyForDeploymentPostprocessing = 0;
		};
		C18A2CBF2D06D60E004B68C3 /* Resources */ = {
			isa = PBXResourcesBuildPhase;
			buildActionMask = 2147483647;
			files = (
			);
			runOnlyForDeploymentPostprocessing = 0;
		};
		C18A2CC92D06D60E004B68C3 /* Resources */ = {
			isa = PBXResourcesBuildPhase;
			buildActionMask = 2147483647;
			files = (
			);
			runOnlyForDeploymentPostprocessing = 0;
		};
/* End PBXResourcesBuildPhase section */

/* Begin PBXSourcesBuildPhase section */
		C18A2CA42D06D60D004B68C3 /* Sources */ = {
			isa = PBXSourcesBuildPhase;
			buildActionMask = 2147483647;
			files = (
			);
			runOnlyForDeploymentPostprocessing = 0;
		};
		C18A2CBD2D06D60E004B68C3 /* Sources */ = {
			isa = PBXSourcesBuildPhase;
			buildActionMask = 2147483647;
			files = (
			);
			runOnlyForDeploymentPostprocessing = 0;
		};
		C18A2CC72D06D60E004B68C3 /* Sources */ = {
			isa = PBXSourcesBuildPhase;
			buildActionMask = 2147483647;
			files = (
			);
			runOnlyForDeploymentPostprocessing = 0;
		};
/* End PBXSourcesBuildPhase section */

/* Begin PBXTargetDependency section */
		C18A2CC32D06D60E004B68C3 /* PBXTargetDependency */ = {
			isa = PBXTargetDependency;
			target = C18A2CA72D06D60D004B68C3 /* Warlords 3 */;
			targetProxy = C18A2CC22D06D60E004B68C3 /* PBXContainerItemProxy */;
		};
		C18A2CCD2D06D60E004B68C3 /* PBXTargetDependency */ = {
			isa = PBXTargetDependency;
			target = C18A2CA72D06D60D004B68C3 /* Warlords 3 */;
			targetProxy = C18A2CCC2D06D60E004B68C3 /* PBXContainerItemProxy */;
		};
/* End PBXTargetDependency section */

/* Begin XCBuildConfiguration section */
		C18A2CD32D06D60E004B68C3 /* Debug */ = {
			isa = XCBuildConfiguration;
			buildSettings = {
				ALWAYS_SEARCH_USER_PATHS = NO;
				ASSETCATALOG_COMPILER_GENERATE_SWIFT_ASSET_SYMBOL_EXTENSIONS = YES;
				CLANG_ANALYZER_NONNULL = YES;
				CLANG_ANALYZER_NUMBER_OBJECT_CONVERSION = YES_AGGRESSIVE;
				CLANG_CXX_LANGUAGE_STANDARD = "gnu++20";
				CLANG_ENABLE_MODULES = YES;
				CLANG_ENABLE_OBJC_ARC = YES;
				CLANG_ENABLE_OBJC_WEAK = YES;
				CLANG_WARN_BLOCK_CAPTURE_AUTORELEASING = YES;
				CLANG_WARN_BOOL_CONVERSION = YES;
				CLANG_WARN_COMMA = YES;
				CLANG_WARN_CONSTANT_CONVERSION = YES;
				CLANG_WARN_DEPRECATED_OBJC_IMPLEMENTATIONS = YES;
				CLANG_WARN_DIRECT_OBJC_ISA_USAGE = YES_ERROR;
				CLANG_WARN_DOCUMENTATION_COMMENTS = YES;
				CLANG_WARN_EMPTY_BODY = YES;
				CLANG_WARN_ENUM_CONVERSION = YES;
				CLANG_WARN_INFINITE_RECURSION = YES;
				CLANG_WARN_INT_CONVERSION = YES;
				CLANG_WARN_NON_LITERAL_NULL_CONVERSION = YES;
				CLANG_WARN_OBJC_IMPLICIT_RETAIN_SELF = YES;
				CLANG_WARN_OBJC_LITERAL_CONVERSION = YES;
				CLANG_WARN_OBJC_ROOT_CLASS = YES_ERROR;
				CLANG_WARN_QUOTED_INCLUDE_IN_FRAMEWORK_HEADER = YES;
				CLANG_WARN_RANGE_LOOP_ANALYSIS = YES;
				CLANG_WARN_STRICT_PROTOTYPES = YES;
				CLANG_WARN_SUSPICIOUS_MOVE = YES;
				CLANG_WARN_UNGUARDED_AVAILABILITY = YES_AGGRESSIVE;
				CLANG_WARN_UNREACHABLE_CODE = YES;
				CLANG_WARN__DUPLICATE_METHOD_MATCH = YES;
				COPY_PHASE_STRIP = NO;
				DEBUG_INFORMATION_FORMAT = dwarf;
				ENABLE_STRICT_OBJC_MSGSEND = YES;
				ENABLE_TESTABILITY = YES;
				ENABLE_USER_SCRIPT_SANDBOXING = YES;
				GCC_C_LANGUAGE_STANDARD = gnu17;
				GCC_DYNAMIC_NO_PIC = NO;
				GCC_NO_COMMON_BLOCKS = YES;
				GCC_OPTIMIZATION_LEVEL = 0;
				GCC_PREPROCESSOR_DEFINITIONS = (
					"DEBUG=1",
					"$(inherited)",
				);
				GCC_WARN_64_TO_32_BIT_CONVERSION = YES;
				GCC_WARN_ABOUT_RETURN_TYPE = YES_ERROR;
				GCC_WARN_UNDECLARED_SELECTOR = YES;
				GCC_WARN_UNINITIALIZED_AUTOS = YES_AGGRESSIVE;
				GCC_WARN_UNUSED_FUNCTION = YES;
				GCC_WARN_UNUSED_VARIABLE = YES;
				IPHONEOS_DEPLOYMENT_TARGET = 18.1;
				LOCALIZATION_PREFERS_STRING_CATALOGS = YES;
				MTL_ENABLE_DEBUG_INFO = INCLUDE_SOURCE;
				MTL_FAST_MATH = YES;
				ONLY_ACTIVE_ARCH = YES;
				SDKROOT = iphoneos;
				SWIFT_ACTIVE_COMPILATION_CONDITIONS = "DEBUG $(inherited)";
				SWIFT_OPTIMIZATION_LEVEL = "-Onone";
			};
			name = Debug;
		};
		C18A2CD42D06D60E004B68C3 /* Release */ = {
			isa = XCBuildConfiguration;
			buildSettings = {
				ALWAYS_SEARCH_USER_PATHS = NO;
				ASSETCATALOG_COMPILER_GENERATE_SWIFT_ASSET_SYMBOL_EXTENSIONS = YES;
				CLANG_ANALYZER_NONNULL = YES;
				CLANG_ANALYZER_NUMBER_OBJECT_CONVERSION = YES_AGGRESSIVE;
				CLANG_CXX_LANGUAGE_STANDARD = "gnu++20";
				CLANG_ENABLE_MODULES = YES;
				CLANG_ENABLE_OBJC_ARC = YES;
				CLANG_ENABLE_OBJC_WEAK = YES;
				CLANG_WARN_BLOCK_CAPTURE_AUTORELEASING = YES;
				CLANG_WARN_BOOL_CONVERSION = YES;
				CLANG_WARN_COMMA = YES;
				CLANG_WARN_CONSTANT_CONVERSION = YES;
				CLANG_WARN_DEPRECATED_OBJC_IMPLEMENTATIONS = YES;
				CLANG_WARN_DIRECT_OBJC_ISA_USAGE = YES_ERROR;
				CLANG_WARN_DOCUMENTATION_COMMENTS = YES;
				CLANG_WARN_EMPTY_BODY = YES;
				CLANG_WARN_ENUM_CONVERSION = YES;
				CLANG_WARN_INFINITE_RECURSION = YES;
				CLANG_WARN_INT_CONVERSION = YES;
				CLANG_WARN_NON_LITERAL_NULL_CONVERSION = YES;
				CLANG_WARN_OBJC_IMPLICIT_RETAIN_SELF = YES;
				CLANG_WARN_OBJC_LITERAL_CONVERSION = YES;
				CLANG_WARN_OBJC_ROOT_CLASS = YES_ERROR;
				CLANG_WARN_QUOTED_INCLUDE_IN_FRAMEWORK_HEADER = YES;
				CLANG_WARN_RANGE_LOOP_ANALYSIS = YES;
				CLANG_WARN_STRICT_PROTOTYPES = YES;
				CLANG_WARN_SUSPICIOUS_MOVE = YES;
				CLANG_WARN_UNGUARDED_AVAILABILITY = YES_AGGRESSIVE;
				CLANG_WARN_UNREACHABLE_CODE = YES;
				CLANG_WARN__DUPLICATE_METHOD_MATCH = YES;
				COPY_PHASE_STRIP = NO;
				DEBUG_INFORMATION_FORMAT = "dwarf-with-dsym";
				ENABLE_NS_ASSERTIONS = NO;
				ENABLE_STRICT_OBJC_MSGSEND = YES;
				ENABLE_USER_SCRIPT_SANDBOXING = YES;
				GCC_C_LANGUAGE_STANDARD = gnu17;
				GCC_NO_COMMON_BLOCKS = YES;
				GCC_WARN_64_TO_32_BIT_CONVERSION = YES;
				GCC_WARN_ABOUT_RETURN_TYPE = YES_ERROR;
				GCC_WARN_UNDECLARED_SELECTOR = YES;
				GCC_WARN_UNINITIALIZED_AUTOS = YES_AGGRESSIVE;
				GCC_WARN_UNUSED_FUNCTION = YES;
				GCC_WARN_UNUSED_VARIABLE = YES;
				IPHONEOS_DEPLOYMENT_TARGET = 18.1;
				LOCALIZATION_PREFERS_STRING_CATALOGS = YES;
				MTL_ENABLE_DEBUG_INFO = NO;
				MTL_FAST_MATH = YES;
				SDKROOT = iphoneos;
				SWIFT_COMPILATION_MODE = wholemodule;
				VALIDATE_PRODUCT = YES;
			};
			name = Release;
		};
		C18A2CD62D06D60E004B68C3 /* Debug */ = {
			isa = XCBuildConfiguration;
			buildSettings = {
				ASSETCATALOG_COMPILER_APPICON_NAME = AppIcon;
				ASSETCATALOG_COMPILER_GLOBAL_ACCENT_COLOR_NAME = AccentColor;
				CODE_SIGN_STYLE = Automatic;
				CURRENT_PROJECT_VERSION = 1;
				GENERATE_INFOPLIST_FILE = YES;
				INFOPLIST_KEY_UIApplicationSupportsIndirectInputEvents = YES;
				INFOPLIST_KEY_UILaunchStoryboardName = LaunchScreen;
				INFOPLIST_KEY_UIMainStoryboardFile = Main;
				INFOPLIST_KEY_UIStatusBarHidden = YES;
				INFOPLIST_KEY_UISupportedInterfaceOrientations_iPad = "UIInterfaceOrientationPortrait UIInterfaceOrientationPortraitUpsideDown UIInterfaceOrientationLandscapeLeft UIInterfaceOrientationLandscapeRight";
				INFOPLIST_KEY_UISupportedInterfaceOrientations_iPhone = "UIInterfaceOrientationPortrait UIInterfaceOrientationLandscapeLeft UIInterfaceOrientationLandscapeRight";
				LD_RUNPATH_SEARCH_PATHS = (
					"$(inherited)",
					"@executable_path/Frameworks",
				);
				MARKETING_VERSION = 1.0;
				PRODUCT_BUNDLE_IDENTIFIER = "debran.Warlords-3";
				PRODUCT_NAME = "$(TARGET_NAME)";
				SWIFT_EMIT_LOC_STRINGS = YES;
				SWIFT_VERSION = 5.0;
				TARGETED_DEVICE_FAMILY = "1,2";
			};
			name = Debug;
		};
		C18A2CD72D06D60E004B68C3 /* Release */ = {
			isa = XCBuildConfiguration;
			buildSettings = {
				ASSETCATALOG_COMPILER_APPICON_NAME = AppIcon;
				ASSETCATALOG_COMPILER_GLOBAL_ACCENT_COLOR_NAME = AccentColor;
				CODE_SIGN_STYLE = Automatic;
				CURRENT_PROJECT_VERSION = 1;
				GENERATE_INFOPLIST_FILE = YES;
				INFOPLIST_KEY_UIApplicationSupportsIndirectInputEvents = YES;
				INFOPLIST_KEY_UILaunchStoryboardName = LaunchScreen;
				INFOPLIST_KEY_UIMainStoryboardFile = Main;
				INFOPLIST_KEY_UIStatusBarHidden = YES;
				INFOPLIST_KEY_UISupportedInterfaceOrientations_iPad = "UIInterfaceOrientationPortrait UIInterfaceOrientationPortraitUpsideDown UIInterfaceOrientationLandscapeLeft UIInterfaceOrientationLandscapeRight";
				INFOPLIST_KEY_UISupportedInterfaceOrientations_iPhone = "UIInterfaceOrientationPortrait UIInterfaceOrientationLandscapeLeft UIInterfaceOrientationLandscapeRight";
				LD_RUNPATH_SEARCH_PATHS = (
					"$(inherited)",
					"@executable_path/Frameworks",
				);
				MARKETING_VERSION = 1.0;
				PRODUCT_BUNDLE_IDENTIFIER = "debran.Warlords-3";
				PRODUCT_NAME = "$(TARGET_NAME)";
				SWIFT_EMIT_LOC_STRINGS = YES;
				SWIFT_VERSION = 5.0;
				TARGETED_DEVICE_FAMILY = "1,2";
			};
			name = Release;
		};
		C18A2CD92D06D60E004B68C3 /* Debug */ = {
			isa = XCBuildConfiguration;
			buildSettings = {
				BUNDLE_LOADER = "$(TEST_HOST)";
				CODE_SIGN_STYLE = Automatic;
				CURRENT_PROJECT_VERSION = 1;
				GENERATE_INFOPLIST_FILE = YES;
				IPHONEOS_DEPLOYMENT_TARGET = 18.1;
				MARKETING_VERSION = 1.0;
				PRODUCT_BUNDLE_IDENTIFIER = "debran.Warlords-3Tests";
				PRODUCT_NAME = "$(TARGET_NAME)";
				SWIFT_EMIT_LOC_STRINGS = NO;
				SWIFT_VERSION = 5.0;
				TARGETED_DEVICE_FAMILY = "1,2";
				TEST_HOST = "$(BUILT_PRODUCTS_DIR)/Warlords 3.app/$(BUNDLE_EXECUTABLE_FOLDER_PATH)/Warlords 3";
			};
			name = Debug;
		};
		C18A2CDA2D06D60E004B68C3 /* Release */ = {
			isa = XCBuildConfiguration;
			buildSettings = {
				BUNDLE_LOADER = "$(TEST_HOST)";
				CODE_SIGN_STYLE = Automatic;
				CURRENT_PROJECT_VERSION = 1;
				GENERATE_INFOPLIST_FILE = YES;
				IPHONEOS_DEPLOYMENT_TARGET = 18.1;
				MARKETING_VERSION = 1.0;
				PRODUCT_BUNDLE_IDENTIFIER = "debran.Warlords-3Tests";
				PRODUCT_NAME = "$(TARGET_NAME)";
				SWIFT_EMIT_LOC_STRINGS = NO;
				SWIFT_VERSION = 5.0;
				TARGETED_DEVICE_FAMILY = "1,2";
				TEST_HOST = "$(BUILT_PRODUCTS_DIR)/Warlords 3.app/$(BUNDLE_EXECUTABLE_FOLDER_PATH)/Warlords 3";
			};
			name = Release;
		};
		C18A2CDC2D06D60E004B68C3 /* Debug */ = {
			isa = XCBuildConfiguration;
			buildSettings = {
				CODE_SIGN_STYLE = Automatic;
				CURRENT_PROJECT_VERSION = 1;
				GENERATE_INFOPLIST_FILE = YES;
				MARKETING_VERSION = 1.0;
				PRODUCT_BUNDLE_IDENTIFIER = "debran.Warlords-3UITests";
				PRODUCT_NAME = "$(TARGET_NAME)";
				SWIFT_EMIT_LOC_STRINGS = NO;
				SWIFT_VERSION = 5.0;
				TARGETED_DEVICE_FAMILY = "1,2";
				TEST_TARGET_NAME = "Warlords 3";
			};
			name = Debug;
		};
		C18A2CDD2D06D60E004B68C3 /* Release */ = {
			isa = XCBuildConfiguration;
			buildSettings = {
				CODE_SIGN_STYLE = Automatic;
				CURRENT_PROJECT_VERSION = 1;
				GENERATE_INFOPLIST_FILE = YES;
				MARKETING_VERSION = 1.0;
				PRODUCT_BUNDLE_IDENTIFIER = "debran.Warlords-3UITests";
				PRODUCT_NAME = "$(TARGET_NAME)";
				SWIFT_EMIT_LOC_STRINGS = NO;
				SWIFT_VERSION = 5.0;
				TARGETED_DEVICE_FAMILY = "1,2";
				TEST_TARGET_NAME = "Warlords 3";
			};
			name = Release;
		};
/* End XCBuildConfiguration section */

/* Begin XCConfigurationList section */
		C18A2CA32D06D60D004B68C3 /* Build configuration list for PBXProject "Warlords 3" */ = {
			isa = XCConfigurationList;
			buildConfigurations = (
				C18A2CD32D06D60E004B68C3 /* Debug */,
				C18A2CD42D06D60E004B68C3 /* Release */,
			);
			defaultConfigurationIsVisible = 0;
			defaultConfigurationName = Release;
		};
		C18A2CD52D06D60E004B68C3 /* Build configuration list for PBXNativeTarget "Warlords 3" */ = {
			isa = XCConfigurationList;
			buildConfigurations = (
				C18A2CD62D06D60E004B68C3 /* Debug */,
				C18A2CD72D06D60E004B68C3 /* Release */,
			);
			defaultConfigurationIsVisible = 0;
			defaultConfigurationName = Release;
		};
		C18A2CD82D06D60E004B68C3 /* Build configuration list for PBXNativeTarget "Warlords 3Tests" */ = {
			isa = XCConfigurationList;
			buildConfigurations = (
				C18A2CD92D06D60E004B68C3 /* Debug */,
				C18A2CDA2D06D60E004B68C3 /* Release */,
			);
			defaultConfigurationIsVisible = 0;
			defaultConfigurationName = Release;
		};
		C18A2CDB2D06D60E004B68C3 /* Build configuration list for PBXNativeTarget "Warlords 3UITests" */ = {
			isa = XCConfigurationList;
			buildConfigurations = (
				C18A2CDC2D06D60E004B68C3 /* Debug */,
				C18A2CDD2D06D60E004B68C3 /* Release */,
			);
			defaultConfigurationIsVisible = 0;
			defaultConfigurationName = Release;
		};
/* End XCConfigurationList section */
	};
	rootObject = C18A2CA02D06D60D004B68C3 /* Project object */;
}
